
Microsoft Visual Studio Solution File, Format Version 12.00
# Visual Studio Version 16
VisualStudioVersion = 16.0.32802.440
MinimumVisualStudioVersion = 10.0.40219.1
Project("{B1E792BE-AA5F-4E3C-8C82-674BF9C0715B}") = "tesim_reactor", "tesim_reactor.tsproj", "{0006047A-D322-404C-9675-7B7D8CDE5B54}"
EndProject
Global
	GlobalSection(SolutionConfigurationPlatforms) = preSolution
		Debug|TwinCAT CE7 (ARMV7) = Debug|TwinCAT CE7 (ARMV7)
		Debug|TwinCAT OS (ARMT2) = Debug|TwinCAT OS (ARMT2)
		Debug|TwinCAT RT (x64) = Debug|TwinCAT RT (x64)
		Debug|TwinCAT RT (x86) = Debug|TwinCAT RT (x86)
		Release|TwinCAT CE7 (ARMV7) = Release|TwinCAT CE7 (ARMV7)
		Release|TwinCAT OS (ARMT2) = Release|TwinCAT OS (ARMT2)
		Release|TwinCAT RT (x64) = Release|TwinCAT RT (x64)
		Release|TwinCAT RT (x86) = Release|TwinCAT RT (x86)
	EndGlobalSection
	GlobalSection(ProjectConfigurationPlatforms) = postSolution
		{0006047A-D322-404C-9675-7B7D8CDE5B54}.Debug|TwinCAT CE7 (ARMV7).ActiveCfg = Debug|TwinCAT CE7 (ARMV7)
		{0006047A-D322-404C-9675-7B7D8CDE5B54}.Debug|TwinCAT CE7 (ARMV7).Build.0 = Debug|TwinCAT CE7 (ARMV7)
		{0006047A-D322-404C-9675-7B7D8CDE5B54}.Debug|TwinCAT OS (ARMT2).ActiveCfg = Debug|TwinCAT OS (ARMT2)
		{0006047A-D322-404C-9675-7B7D8CDE5B54}.Debug|TwinCAT OS (ARMT2).Build.0 = Debug|TwinCAT OS (ARMT2)
		{0006047A-D322-404C-9675-7B7D8CDE5B54}.Debug|TwinCAT RT (x64).ActiveCfg = Debug|TwinCAT RT (x64)
		{0006047A-D322-404C-9675-7B7D8CDE5B54}.Debug|TwinCAT RT (x64).Build.0 = Debug|TwinCAT RT (x64)
		{0006047A-D322-404C-9675-7B7D8CDE5B54}.Debug|TwinCAT RT (x86).ActiveCfg = Debug|TwinCAT RT (x86)
		{0006047A-D322-404C-9675-7B7D8CDE5B54}.Debug|TwinCAT RT (x86).Build.0 = Debug|TwinCAT RT (x86)
		{0006047A-D322-404C-9675-7B7D8CDE5B54}.Release|TwinCAT CE7 (ARMV7).ActiveCfg = Release|TwinCAT CE7 (ARMV7)
		{0006047A-D322-404C-9675-7B7D8CDE5B54}.Release|TwinCAT CE7 (ARMV7).Build.0 = Release|TwinCAT CE7 (ARMV7)
		{0006047A-D322-404C-9675-7B7D8CDE5B54}.Release|TwinCAT OS (ARMT2).ActiveCfg = Release|TwinCAT OS (ARMT2)
		{0006047A-D322-404C-9675-7B7D8CDE5B54}.Release|TwinCAT OS (ARMT2).Build.0 = Release|TwinCAT OS (ARMT2)
		{0006047A-D322-404C-9675-7B7D8CDE5B54}.Release|TwinCAT RT (x64).ActiveCfg = Release|TwinCAT RT (x64)
		{0006047A-D322-404C-9675-7B7D8CDE5B54}.Release|TwinCAT RT (x64).Build.0 = Release|TwinCAT RT (x64)
		{0006047A-D322-404C-9675-7B7D8CDE5B54}.Release|TwinCAT RT (x86).ActiveCfg = Release|TwinCAT RT (x86)
		{0006047A-D322-404C-9675-7B7D8CDE5B54}.Release|TwinCAT RT (x86).Build.0 = Release|TwinCAT RT (x86)
		{8FF5C7E5-C90A-4E2A-A1CF-1F59E92C2B0C}.Debug|TwinCAT CE7 (ARMV7).ActiveCfg = Debug|TwinCAT CE7 (ARMV7)
		{8FF5C7E5-C90A-4E2A-A1CF-1F59E92C2B0C}.Debug|TwinCAT CE7 (ARMV7).Build.0 = Debug|TwinCAT CE7 (ARMV7)
		{8FF5C7E5-C90A-4E2A-A1CF-1F59E92C2B0C}.Debug|TwinCAT OS (ARMT2).ActiveCfg = Debug|TwinCAT OS (ARMT2)
		{8FF5C7E5-C90A-4E2A-A1CF-1F59E92C2B0C}.Debug|TwinCAT OS (ARMT2).Build.0 = Debug|TwinCAT OS (ARMT2)
		{8FF5C7E5-C90A-4E2A-A1CF-1F59E92C2B0C}.Debug|TwinCAT RT (x64).ActiveCfg = Debug|TwinCAT RT (x64)
		{8FF5C7E5-C90A-4E2A-A1CF-1F59E92C2B0C}.Debug|TwinCAT RT (x64).Build.0 = Debug|TwinCAT RT (x64)
		{8FF5C7E5-C90A-4E2A-A1CF-1F59E92C2B0C}.Debug|TwinCAT RT (x86).ActiveCfg = Debug|TwinCAT RT (x86)
		{8FF5C7E5-C90A-4E2A-A1CF-1F59E92C2B0C}.Debug|TwinCAT RT (x86).Build.0 = Debug|TwinCAT RT (x86)
		{8FF5C7E5-C90A-4E2A-A1CF-1F59E92C2B0C}.Release|TwinCAT CE7 (ARMV7).ActiveCfg = Release|TwinCAT CE7 (ARMV7)
		{8FF5C7E5-C90A-4E2A-A1CF-1F59E92C2B0C}.Release|TwinCAT CE7 (ARMV7).Build.0 = Release|TwinCAT CE7 (ARMV7)
		{8FF5C7E5-C90A-4E2A-A1CF-1F59E92C2B0C}.Release|TwinCAT OS (ARMT2).ActiveCfg = Release|TwinCAT OS (ARMT2)
		{8FF5C7E5-C90A-4E2A-A1CF-1F59E92C2B0C}.Release|TwinCAT OS (ARMT2).Build.0 = Release|TwinCAT OS (ARMT2)
		{8FF5C7E5-C90A-4E2A-A1CF-1F59E92C2B0C}.Release|TwinCAT RT (x64).ActiveCfg = Release|TwinCAT RT (x64)
		{8FF5C7E5-C90A-4E2A-A1CF-1F59E92C2B0C}.Release|TwinCAT RT (x64).Build.0 = Release|TwinCAT RT (x64)
		{8FF5C7E5-C90A-4E2A-A1CF-1F59E92C2B0C}.Release|TwinCAT RT (x86).ActiveCfg = Release|TwinCAT RT (x86)
		{8FF5C7E5-C90A-4E2A-A1CF-1F59E92C2B0C}.Release|TwinCAT RT (x86).Build.0 = Release|TwinCAT RT (x86)
	EndGlobalSection
	GlobalSection(SolutionProperties) = preSolution
		HideSolutionNode = FALSE
	EndGlobalSection
	GlobalSection(ExtensibilityGlobals) = postSolution
		SolutionGuid = {D259BF00-948B-49FE-89F0-72E9F5AA8123}
	EndGlobalSection
EndGlobal
